
Microsoft Visual Studio Solution File, Format Version 12.00
# Visual Studio Version 16
VisualStudioVersion = 16.0.30711.63
MinimumVisualStudioVersion = 10.0.40219.1
Project("{FAE04EC0-301F-11D3-BF4B-00C04F79EFBC}") = "ConsoleApp2", "ConsoleApp2\ConsoleApp2.csproj", "{10CF8DB7-1597-4972-818F-0C7B4BDD3F5E}"
EndProject
Project("{FAE04EC0-301F-11D3-BF4B-00C04F79EFBC}") = "XUnitTestProject1", "XUnitTestProject1\XUnitTestProject1.csproj", "{943BBB03-AB19-4C6B-8603-5CCAC6C304A4}"
EndProject
Project("{FAE04EC0-301F-11D3-BF4B-00C04F79EFBC}") = "UnitTestProject1", "UnitTestProject1\UnitTestProject1.csproj", "{A34F9B6A-C638-4FD1-A3CA-8FCB3DF3A637}"
EndProject
Global
	GlobalSection(SolutionConfigurationPlatforms) = preSolution
		Debug|Any CPU = Debug|Any CPU
		Release|Any CPU = Release|Any CPU
	EndGlobalSection
	GlobalSection(ProjectConfigurationPlatforms) = postSolution
		{10CF8DB7-1597-4972-818F-0C7B4BDD3F5E}.Debug|Any CPU.ActiveCfg = Debug|Any CPU
		{10CF8DB7-1597-4972-818F-0C7B4BDD3F5E}.Debug|Any CPU.Build.0 = Debug|Any CPU
		{10CF8DB7-1597-4972-818F-0C7B4BDD3F5E}.Release|Any CPU.ActiveCfg = Release|Any CPU
		{10CF8DB7-1597-4972-818F-0C7B4BDD3F5E}.Release|Any CPU.Build.0 = Release|Any CPU
		{943BBB03-AB19-4C6B-8603-5CCAC6C304A4}.Debug|Any CPU.ActiveCfg = Debug|Any CPU
		{943BBB03-AB19-4C6B-8603-5CCAC6C304A4}.Debug|Any CPU.Build.0 = Debug|Any CPU
		{943BBB03-AB19-4C6B-8603-5CCAC6C304A4}.Release|Any CPU.ActiveCfg = Release|Any CPU
		{943BBB03-AB19-4C6B-8603-5CCAC6C304A4}.Release|Any CPU.Build.0 = Release|Any CPU
		{A34F9B6A-C638-4FD1-A3CA-8FCB3DF3A637}.Debug|Any CPU.ActiveCfg = Debug|Any CPU
		{A34F9B6A-C638-4FD1-A3CA-8FCB3DF3A637}.Debug|Any CPU.Build.0 = Debug|Any CPU
		{A34F9B6A-C638-4FD1-A3CA-8FCB3DF3A637}.Release|Any CPU.ActiveCfg = Release|Any CPU
		{A34F9B6A-C638-4FD1-A3CA-8FCB3DF3A637}.Release|Any CPU.Build.0 = Release|Any CPU
	EndGlobalSection
	GlobalSection(SolutionProperties) = preSolution
		HideSolutionNode = FALSE
	EndGlobalSection
	GlobalSection(ExtensibilityGlobals) = postSolution
		SolutionGuid = {53971DC6-79E3-40CF-9918-FF689EC3CE95}
	EndGlobalSection
EndGlobal
